# This file is automatically @generated by Cargo.
# It is not intended for manual editing.
version = 4

[[package]]
name = "kairo"
version = "0.1.0"
dependencies = [
 "kairo-ast",
 "kairo-interpreter",
 "kairo-lexer",
 "kairo-loader",
 "kairo-parser",
 "kairo-typecheck",
]

[[package]]
name = "kairo-ast"
version = "0.1.0"

[[package]]
name = "kairo-hir"
version = "0.1.0"
dependencies = [
 "kairo-ast",
 "kairo-lexer",
 "kairo-parser",
]

[[package]]
name = "kairo-interpreter"
version = "0.1.0"
dependencies = [
 "kairo-ast",
 "kairo-lexer",
 "kairo-parser",
]

[[package]]
name = "kairo-lexer"
version = "0.1.0"

[[package]]
name = "kairo-loader"
version = "0.1.0"
dependencies = [
 "kairo-ast",
 "kairo-lexer",
 "kairo-parser",
]

[[package]]
name = "kairo-parser"
version = "0.1.0"
dependencies = [
 "kairo-ast",
 "kairo-lexer",
]

[[package]]
name = "kairo-typecheck"
version = "0.1.0"
dependencies = [
 "kairo-ast",
 "kairo-lexer",
 "kairo-parser",
]
